
Microsoft Visual Studio Solution File, Format Version 12.00
# Visual Studio Version 17
VisualStudioVersion = 17.8.34309.116
MinimumVisualStudioVersion = 10.0.40219.1
Project("{FAE04EC0-301F-11D3-BF4B-00C04F79EFBC}") = "wav2mp3_converter", "wav2mp3_converter.csproj", "{38752620-B522-4821-8A50-84BB78D1F3F3}"
EndProject
Global
	GlobalSection(SolutionConfigurationPlatforms) = preSolution
		Debug|Any CPU = Debug|Any CPU
		Release|Any CPU = Release|Any CPU
	EndGlobalSection
	GlobalSection(ProjectConfigurationPlatforms) = postSolution
		{38752620-B522-4821-8A50-84BB78D1F3F3}.Debug|Any CPU.ActiveCfg = Debug|Any CPU
		{38752620-B522-4821-8A50-84BB78D1F3F3}.Debug|Any CPU.Build.0 = Debug|Any CPU
		{38752620-B522-4821-8A50-84BB78D1F3F3}.Release|Any CPU.ActiveCfg = Release|Any CPU
		{38752620-B522-4821-8A50-84BB78D1F3F3}.Release|Any CPU.Build.0 = Release|Any CPU
	EndGlobalSection
	GlobalSection(SolutionProperties) = preSolution
		HideSolutionNode = FALSE
	EndGlobalSection
	GlobalSection(ExtensibilityGlobals) = postSolution
		SolutionGuid = {09A426DA-AF82-47A8-A926-D1E669AFAE7A}
	EndGlobalSection
EndGlobal
